// !$*UTF8*$!
{
	archiveVersion = 1;
	classes = {
	};
	objectVersion = 56;
	objects = {

/* Begin PBXBuildFile section */
		BEB12D852CF351D900B0A7B9 /* AppDelegate.swift in Sources */ = {isa = PBXBuildFile; fileRef = BEB12D842CF351D900B0A7B9 /* AppDelegate.swift */; };
		BEB12D872CF351D900B0A7B9 /* SceneDelegate.swift in Sources */ = {isa = PBXBuildFile; fileRef = BEB12D862CF351D900B0A7B9 /* SceneDelegate.swift */; };
		BEB12D892CF351D900B0A7B9 /* ViewController.swift in Sources */ = {isa = PBXBuildFile; fileRef = BEB12D882CF351D900B0A7B9 /* ViewController.swift */; };
		BEB12D8C2CF351D900B0A7B9 /* Base in Resources */ = {isa = PBXBuildFile; fileRef = BEB12D8B2CF351D900B0A7B9 /* Base */; };
		BEB12D8E2CF351DA00B0A7B9 /* Assets.xcassets in Resources */ = {isa = PBXBuildFile; fileRef = BEB12D8D2CF351DA00B0A7B9 /* Assets.xcassets */; };
		BEB12D912CF351DA00B0A7B9 /* Base in Resources */ = {isa = PBXBuildFile; fileRef = BEB12D902CF351DA00B0A7B9 /* Base */; };
		BEB12D9C2CF351DB00B0A7B9 /* PressedAnimationTests.swift in Sources */ = {isa = PBXBuildFile; fileRef = BEB12D9B2CF351DB00B0A7B9 /* PressedAnimationTests.swift */; };
		BEB12DA62CF351DB00B0A7B9 /* PressedAnimationUITests.swift in Sources */ = {isa = PBXBuildFile; fileRef = BEB12DA52CF351DB00B0A7B9 /* PressedAnimationUITests.swift */; };
		BEB12DA82CF351DB00B0A7B9 /* PressedAnimationUITestsLaunchTests.swift in Sources */ = {isa = PBXBuildFile; fileRef = BEB12DA72CF351DB00B0A7B9 /* PressedAnimationUITestsLaunchTests.swift */; };
		BEB12DB62CF351F100B0A7B9 /* SnapKit in Frameworks */ = {isa = PBXBuildFile; productRef = BEB12DB52CF351F100B0A7B9 /* SnapKit */; };
		BEB12DB92CF3522500B0A7B9 /* RxCocoa in Frameworks */ = {isa = PBXBuildFile; productRef = BEB12DB82CF3522500B0A7B9 /* RxCocoa */; };
		BEB12DBB2CF3522500B0A7B9 /* RxRelay in Frameworks */ = {isa = PBXBuildFile; productRef = BEB12DBA2CF3522500B0A7B9 /* RxRelay */; };
		BEB12DBD2CF3522500B0A7B9 /* RxSwift in Frameworks */ = {isa = PBXBuildFile; productRef = BEB12DBC2CF3522500B0A7B9 /* RxSwift */; };
		BEB12DBF2CF3525400B0A7B9 /* PressedCell.swift in Sources */ = {isa = PBXBuildFile; fileRef = BEB12DBE2CF3525400B0A7B9 /* PressedCell.swift */; };
		BEB12DC12CF352B000B0A7B9 /* Model.swift in Sources */ = {isa = PBXBuildFile; fileRef = BEB12DC02CF352B000B0A7B9 /* Model.swift */; };
		BEB12DC32CF3640A00B0A7B9 /* PressedButton.swift in Sources */ = {isa = PBXBuildFile; fileRef = BEB12DC22CF3640A00B0A7B9 /* PressedButton.swift */; };
/* End PBXBuildFile section */

/* Begin PBXContainerItemProxy section */
		BEB12D982CF351DB00B0A7B9 /* PBXContainerItemProxy */ = {
			isa = PBXContainerItemProxy;
			containerPortal = BEB12D792CF351D900B0A7B9 /* Project object */;
			proxyType = 1;
			remoteGlobalIDString = BEB12D802CF351D900B0A7B9;
			remoteInfo = PressedAnimation;
		};
		BEB12DA22CF351DB00B0A7B9 /* PBXContainerItemProxy */ = {
			isa = PBXContainerItemProxy;
			containerPortal = BEB12D792CF351D900B0A7B9 /* Project object */;
			proxyType = 1;
			remoteGlobalIDString = BEB12D802CF351D900B0A7B9;
			remoteInfo = PressedAnimation;
		};
/* End PBXContainerItemProxy section */

/* Begin PBXFileReference section */
		BEB12D812CF351D900B0A7B9 /* PressedAnimation.app */ = {isa = PBXFileReference; explicitFileType = wrapper.application; includeInIndex = 0; path = PressedAnimation.app; sourceTree = BUILT_PRODUCTS_DIR; };
		BEB12D842CF351D900B0A7B9 /* AppDelegate.swift */ = {isa = PBXFileReference; lastKnownFileType = sourcecode.swift; path = AppDelegate.swift; sourceTree = "<group>"; };
		BEB12D862CF351D900B0A7B9 /* SceneDelegate.swift */ = {isa = PBXFileReference; lastKnownFileType = sourcecode.swift; path = SceneDelegate.swift; sourceTree = "<group>"; };
		BEB12D882CF351D900B0A7B9 /* ViewController.swift */ = {isa = PBXFileReference; lastKnownFileType = sourcecode.swift; path = ViewController.swift; sourceTree = "<group>"; };
		BEB12D8B2CF351D900B0A7B9 /* Base */ = {isa = PBXFileReference; lastKnownFileType = file.storyboard; name = Base; path = Base.lproj/Main.storyboard; sourceTree = "<group>"; };
		BEB12D8D2CF351DA00B0A7B9 /* Assets.xcassets */ = {isa = PBXFileReference; lastKnownFileType = folder.assetcatalog; path = Assets.xcassets; sourceTree = "<group>"; };
		BEB12D902CF351DA00B0A7B9 /* Base */ = {isa = PBXFileReference; lastKnownFileType = file.storyboard; name = Base; path = Base.lproj/LaunchScreen.storyboard; sourceTree = "<group>"; };
		BEB12D922CF351DA00B0A7B9 /* Info.plist */ = {isa = PBXFileReference; lastKnownFileType = text.plist.xml; path = Info.plist; sourceTree = "<group>"; };
		BEB12D972CF351DB00B0A7B9 /* PressedAnimationTests.xctest */ = {isa = PBXFileReference; explicitFileType = wrapper.cfbundle; includeInIndex = 0; path = PressedAnimationTests.xctest; sourceTree = BUILT_PRODUCTS_DIR; };
		BEB12D9B2CF351DB00B0A7B9 /* PressedAnimationTests.swift */ = {isa = PBXFileReference; lastKnownFileType = sourcecode.swift; path = PressedAnimationTests.swift; sourceTree = "<group>"; };
		BEB12DA12CF351DB00B0A7B9 /* PressedAnimationUITests.xctest */ = {isa = PBXFileReference; explicitFileType = wrapper.cfbundle; includeInIndex = 0; path = PressedAnimationUITests.xctest; sourceTree = BUILT_PRODUCTS_DIR; };
		BEB12DA52CF351DB00B0A7B9 /* PressedAnimationUITests.swift */ = {isa = PBXFileReference; lastKnownFileType = sourcecode.swift; path = PressedAnimationUITests.swift; sourceTree = "<group>"; };
		BEB12DA72CF351DB00B0A7B9 /* PressedAnimationUITestsLaunchTests.swift */ = {isa = PBXFileReference; lastKnownFileType = sourcecode.swift; path = PressedAnimationUITestsLaunchTests.swift; sourceTree = "<group>"; };
		BEB12DBE2CF3525400B0A7B9 /* PressedCell.swift */ = {isa = PBXFileReference; lastKnownFileType = sourcecode.swift; path = PressedCell.swift; sourceTree = "<group>"; };
		BEB12DC02CF352B000B0A7B9 /* Model.swift */ = {isa = PBXFileReference; lastKnownFileType = sourcecode.swift; path = Model.swift; sourceTree = "<group>"; };
		BEB12DC22CF3640A00B0A7B9 /* PressedButton.swift */ = {isa = PBXFileReference; lastKnownFileType = sourcecode.swift; path = PressedButton.swift; sourceTree = "<group>"; };
/* End PBXFileReference section */

/* Begin PBXFrameworksBuildPhase section */
		BEB12D7E2CF351D900B0A7B9 /* Frameworks */ = {
			isa = PBXFrameworksBuildPhase;
			buildActionMask = 2147483647;
			files = (
				BEB12DBB2CF3522500B0A7B9 /* RxRelay in Frameworks */,
				BEB12DB92CF3522500B0A7B9 /* RxCocoa in Frameworks */,
				BEB12DBD2CF3522500B0A7B9 /* RxSwift in Frameworks */,
				BEB12DB62CF351F100B0A7B9 /* SnapKit in Frameworks */,
			);
			runOnlyForDeploymentPostprocessing = 0;
		};
		BEB12D942CF351DB00B0A7B9 /* Frameworks */ = {
			isa = PBXFrameworksBuildPhase;
			buildActionMask = 2147483647;
			files = (
			);
			runOnlyForDeploymentPostprocessing = 0;
		};
		BEB12D9E2CF351DB00B0A7B9 /* Frameworks */ = {
			isa = PBXFrameworksBuildPhase;
			buildActionMask = 2147483647;
			files = (
			);
			runOnlyForDeploymentPostprocessing = 0;
		};
/* End PBXFrameworksBuildPhase section */

/* Begin PBXGroup section */
		BEB12D782CF351D900B0A7B9 = {
			isa = PBXGroup;
			children = (
				BEB12D832CF351D900B0A7B9 /* PressedAnimation */,
				BEB12D9A2CF351DB00B0A7B9 /* PressedAnimationTests */,
				BEB12DA42CF351DB00B0A7B9 /* PressedAnimationUITests */,
				BEB12D822CF351D900B0A7B9 /* Products */,
			);
			sourceTree = "<group>";
		};
		BEB12D822CF351D900B0A7B9 /* Products */ = {
			isa = PBXGroup;
			children = (
				BEB12D812CF351D900B0A7B9 /* PressedAnimation.app */,
				BEB12D972CF351DB00B0A7B9 /* PressedAnimationTests.xctest */,
				BEB12DA12CF351DB00B0A7B9 /* PressedAnimationUITests.xctest */,
			);
			name = Products;
			sourceTree = "<group>";
		};
		BEB12D832CF351D900B0A7B9 /* PressedAnimation */ = {
			isa = PBXGroup;
			children = (
				BEB12D842CF351D900B0A7B9 /* AppDelegate.swift */,
				BEB12D862CF351D900B0A7B9 /* SceneDelegate.swift */,
				BEB12D882CF351D900B0A7B9 /* ViewController.swift */,
				BEB12DC02CF352B000B0A7B9 /* Model.swift */,
				BEB12D8A2CF351D900B0A7B9 /* Main.storyboard */,
				BEB12D8D2CF351DA00B0A7B9 /* Assets.xcassets */,
				BEB12D8F2CF351DA00B0A7B9 /* LaunchScreen.storyboard */,
				BEB12D922CF351DA00B0A7B9 /* Info.plist */,
				BEB12DBE2CF3525400B0A7B9 /* PressedCell.swift */,
				BEB12DC22CF3640A00B0A7B9 /* PressedButton.swift */,
			);
			path = PressedAnimation;
			sourceTree = "<group>";
		};
		BEB12D9A2CF351DB00B0A7B9 /* PressedAnimationTests */ = {
			isa = PBXGroup;
			children = (
				BEB12D9B2CF351DB00B0A7B9 /* PressedAnimationTests.swift */,
			);
			path = PressedAnimationTests;
			sourceTree = "<group>";
		};
		BEB12DA42CF351DB00B0A7B9 /* PressedAnimationUITests */ = {
			isa = PBXGroup;
			children = (
				BEB12DA52CF351DB00B0A7B9 /* PressedAnimationUITests.swift */,
				BEB12DA72CF351DB00B0A7B9 /* PressedAnimationUITestsLaunchTests.swift */,
			);
			path = PressedAnimationUITests;
			sourceTree = "<group>";
		};
/* End PBXGroup section */

/* Begin PBXNativeTarget section */
		BEB12D802CF351D900B0A7B9 /* PressedAnimation */ = {
			isa = PBXNativeTarget;
			buildConfigurationList = BEB12DAB2CF351DB00B0A7B9 /* Build configuration list for PBXNativeTarget "PressedAnimation" */;
			buildPhases = (
				BEB12D7D2CF351D900B0A7B9 /* Sources */,
				BEB12D7E2CF351D900B0A7B9 /* Frameworks */,
				BEB12D7F2CF351D900B0A7B9 /* Resources */,
			);
			buildRules = (
			);
			dependencies = (
			);
			name = PressedAnimation;
			packageProductDependencies = (
				BEB12DB52CF351F100B0A7B9 /* SnapKit */,
				BEB12DB82CF3522500B0A7B9 /* RxCocoa */,
				BEB12DBA2CF3522500B0A7B9 /* RxRelay */,
				BEB12DBC2CF3522500B0A7B9 /* RxSwift */,
			);
			productName = PressedAnimation;
			productReference = BEB12D812CF351D900B0A7B9 /* PressedAnimation.app */;
			productType = "com.apple.product-type.application";
		};
		BEB12D962CF351DB00B0A7B9 /* PressedAnimationTests */ = {
			isa = PBXNativeTarget;
			buildConfigurationList = BEB12DAE2CF351DB00B0A7B9 /* Build configuration list for PBXNativeTarget "PressedAnimationTests" */;
			buildPhases = (
				BEB12D932CF351DB00B0A7B9 /* Sources */,
				BEB12D942CF351DB00B0A7B9 /* Frameworks */,
				BEB12D952CF351DB00B0A7B9 /* Resources */,
			);
			buildRules = (
			);
			dependencies = (
				BEB12D992CF351DB00B0A7B9 /* PBXTargetDependency */,
			);
			name = PressedAnimationTests;
			productName = PressedAnimationTests;
			productReference = BEB12D972CF351DB00B0A7B9 /* PressedAnimationTests.xctest */;
			productType = "com.apple.product-type.bundle.unit-test";
		};
		BEB12DA02CF351DB00B0A7B9 /* PressedAnimationUITests */ = {
			isa = PBXNativeTarget;
			buildConfigurationList = BEB12DB12CF351DB00B0A7B9 /* Build configuration list for PBXNativeTarget "PressedAnimationUITests" */;
			buildPhases = (
				BEB12D9D2CF351DB00B0A7B9 /* Sources */,
				BEB12D9E2CF351DB00B0A7B9 /* Frameworks */,
				BEB12D9F2CF351DB00B0A7B9 /* Resources */,
			);
			buildRules = (
			);
			dependencies = (
				BEB12DA32CF351DB00B0A7B9 /* PBXTargetDependency */,
			);
			name = PressedAnimationUITests;
			productName = PressedAnimationUITests;
			productReference = BEB12DA12CF351DB00B0A7B9 /* PressedAnimationUITests.xctest */;
			productType = "com.apple.product-type.bundle.ui-testing";
		};
/* End PBXNativeTarget section */

/* Begin PBXProject section */
		BEB12D792CF351D900B0A7B9 /* Project object */ = {
			isa = PBXProject;
			attributes = {
				BuildIndependentTargetsInParallel = 1;
				LastSwiftUpdateCheck = 1530;
				LastUpgradeCheck = 1530;
				TargetAttributes = {
					BEB12D802CF351D900B0A7B9 = {
						CreatedOnToolsVersion = 15.3;
					};
					BEB12D962CF351DB00B0A7B9 = {
						CreatedOnToolsVersion = 15.3;
						TestTargetID = BEB12D802CF351D900B0A7B9;
					};
					BEB12DA02CF351DB00B0A7B9 = {
						CreatedOnToolsVersion = 15.3;
						TestTargetID = BEB12D802CF351D900B0A7B9;
					};
				};
			};
			buildConfigurationList = BEB12D7C2CF351D900B0A7B9 /* Build configuration list for PBXProject "PressedAnimation" */;
			compatibilityVersion = "Xcode 14.0";
			developmentRegion = en;
			hasScannedForEncodings = 0;
			knownRegions = (
				en,
				Base,
			);
			mainGroup = BEB12D782CF351D900B0A7B9;
			packageReferences = (
				BEB12DB42CF351F100B0A7B9 /* XCRemoteSwiftPackageReference "SnapKit" */,
				BEB12DB72CF3522500B0A7B9 /* XCRemoteSwiftPackageReference "RxSwift" */,
			);
			productRefGroup = BEB12D822CF351D900B0A7B9 /* Products */;
			projectDirPath = "";
			projectRoot = "";
			targets = (
				BEB12D802CF351D900B0A7B9 /* PressedAnimation */,
				BEB12D962CF351DB00B0A7B9 /* PressedAnimationTests */,
				BEB12DA02CF351DB00B0A7B9 /* PressedAnimationUITests */,
			);
		};
/* End PBXProject section */

/* Begin PBXResourcesBuildPhase section */
		BEB12D7F2CF351D900B0A7B9 /* Resources */ = {
			isa = PBXResourcesBuildPhase;
			buildActionMask = 2147483647;
			files = (
				BEB12D8E2CF351DA00B0A7B9 /* Assets.xcassets in Resources */,
				BEB12D912CF351DA00B0A7B9 /* Base in Resources */,
				BEB12D8C2CF351D900B0A7B9 /* Base in Resources */,
			);
			runOnlyForDeploymentPostprocessing = 0;
		};
		BEB12D952CF351DB00B0A7B9 /* Resources */ = {
			isa = PBXResourcesBuildPhase;
			buildActionMask = 2147483647;
			files = (
			);
			runOnlyForDeploymentPostprocessing = 0;
		};
		BEB12D9F2CF351DB00B0A7B9 /* Resources */ = {
			isa = PBXResourcesBuildPhase;
			buildActionMask = 2147483647;
			files = (
			);
			runOnlyForDeploymentPostprocessing = 0;
		};
/* End PBXResourcesBuildPhase section */

/* Begin PBXSourcesBuildPhase section */
		BEB12D7D2CF351D900B0A7B9 /* Sources */ = {
			isa = PBXSourcesBuildPhase;
			buildActionMask = 2147483647;
			files = (
				BEB12DC32CF3640A00B0A7B9 /* PressedButton.swift in Sources */,
				BEB12DC12CF352B000B0A7B9 /* Model.swift in Sources */,
				BEB12D892CF351D900B0A7B9 /* ViewController.swift in Sources */,
				BEB12DBF2CF3525400B0A7B9 /* PressedCell.swift in Sources */,
				BEB12D852CF351D900B0A7B9 /* AppDelegate.swift in Sources */,
				BEB12D872CF351D900B0A7B9 /* SceneDelegate.swift in Sources */,
			);
			runOnlyForDeploymentPostprocessing = 0;
		};
		BEB12D932CF351DB00B0A7B9 /* Sources */ = {
			isa = PBXSourcesBuildPhase;
			buildActionMask = 2147483647;
			files = (
				BEB12D9C2CF351DB00B0A7B9 /* PressedAnimationTests.swift in Sources */,
			);
			runOnlyForDeploymentPostprocessing = 0;
		};
		BEB12D9D2CF351DB00B0A7B9 /* Sources */ = {
			isa = PBXSourcesBuildPhase;
			buildActionMask = 2147483647;
			files = (
				BEB12DA82CF351DB00B0A7B9 /* PressedAnimationUITestsLaunchTests.swift in Sources */,
				BEB12DA62CF351DB00B0A7B9 /* PressedAnimationUITests.swift in Sources */,
			);
			runOnlyForDeploymentPostprocessing = 0;
		};
/* End PBXSourcesBuildPhase section */

/* Begin PBXTargetDependency section */
		BEB12D992CF351DB00B0A7B9 /* PBXTargetDependency */ = {
			isa = PBXTargetDependency;
			target = BEB12D802CF351D900B0A7B9 /* PressedAnimation */;
			targetProxy = BEB12D982CF351DB00B0A7B9 /* PBXContainerItemProxy */;
		};
		BEB12DA32CF351DB00B0A7B9 /* PBXTargetDependency */ = {
			isa = PBXTargetDependency;
			target = BEB12D802CF351D900B0A7B9 /* PressedAnimation */;
			targetProxy = BEB12DA22CF351DB00B0A7B9 /* PBXContainerItemProxy */;
		};
/* End PBXTargetDependency section */

/* Begin PBXVariantGroup section */
		BEB12D8A2CF351D900B0A7B9 /* Main.storyboard */ = {
			isa = PBXVariantGroup;
			children = (
				BEB12D8B2CF351D900B0A7B9 /* Base */,
			);
			name = Main.storyboard;
			sourceTree = "<group>";
		};
		BEB12D8F2CF351DA00B0A7B9 /* LaunchScreen.storyboard */ = {
			isa = PBXVariantGroup;
			children = (
				BEB12D902CF351DA00B0A7B9 /* Base */,
			);
			name = LaunchScreen.storyboard;
			sourceTree = "<group>";
		};
/* End PBXVariantGroup section */

/* Begin XCBuildConfiguration section */
		BEB12DA92CF351DB00B0A7B9 /* Debug */ = {
			isa = XCBuildConfiguration;
			buildSettings = {
				ALWAYS_SEARCH_USER_PATHS = NO;
				ASSETCATALOG_COMPILER_GENERATE_SWIFT_ASSET_SYMBOL_EXTENSIONS = YES;
				CLANG_ANALYZER_NONNULL = YES;
				CLANG_ANALYZER_NUMBER_OBJECT_CONVERSION = YES_AGGRESSIVE;
				CLANG_CXX_LANGUAGE_STANDARD = "gnu++20";
				CLANG_ENABLE_MODULES = YES;
				CLANG_ENABLE_OBJC_ARC = YES;
				CLANG_ENABLE_OBJC_WEAK = YES;
				CLANG_WARN_BLOCK_CAPTURE_AUTORELEASING = YES;
				CLANG_WARN_BOOL_CONVERSION = YES;
				CLANG_WARN_COMMA = YES;
				CLANG_WARN_CONSTANT_CONVERSION = YES;
				CLANG_WARN_DEPRECATED_OBJC_IMPLEMENTATIONS = YES;
				CLANG_WARN_DIRECT_OBJC_ISA_USAGE = YES_ERROR;
				CLANG_WARN_DOCUMENTATION_COMMENTS = YES;
				CLANG_WARN_EMPTY_BODY = YES;
				CLANG_WARN_ENUM_CONVERSION = YES;
				CLANG_WARN_INFINITE_RECURSION = YES;
				CLANG_WARN_INT_CONVERSION = YES;
				CLANG_WARN_NON_LITERAL_NULL_CONVERSION = YES;
				CLANG_WARN_OBJC_IMPLICIT_RETAIN_SELF = YES;
				CLANG_WARN_OBJC_LITERAL_CONVERSION = YES;
				CLANG_WARN_OBJC_ROOT_CLASS = YES_ERROR;
				CLANG_WARN_QUOTED_INCLUDE_IN_FRAMEWORK_HEADER = YES;
				CLANG_WARN_RANGE_LOOP_ANALYSIS = YES;
				CLANG_WARN_STRICT_PROTOTYPES = YES;
				CLANG_WARN_SUSPICIOUS_MOVE = YES;
				CLANG_WARN_UNGUARDED_AVAILABILITY = YES_AGGRESSIVE;
				CLANG_WARN_UNREACHABLE_CODE = YES;
				CLANG_WARN__DUPLICATE_METHOD_MATCH = YES;
				COPY_PHASE_STRIP = NO;
				DEBUG_INFORMATION_FORMAT = dwarf;
				ENABLE_STRICT_OBJC_MSGSEND = YES;
				ENABLE_TESTABILITY = YES;
				ENABLE_USER_SCRIPT_SANDBOXING = YES;
				GCC_C_LANGUAGE_STANDARD = gnu17;
				GCC_DYNAMIC_NO_PIC = NO;
				GCC_NO_COMMON_BLOCKS = YES;
				GCC_OPTIMIZATION_LEVEL = 0;
				GCC_PREPROCESSOR_DEFINITIONS = (
					"DEBUG=1",
					"$(inherited)",
				);
				GCC_WARN_64_TO_32_BIT_CONVERSION = YES;
				GCC_WARN_ABOUT_RETURN_TYPE = YES_ERROR;
				GCC_WARN_UNDECLARED_SELECTOR = YES;
				GCC_WARN_UNINITIALIZED_AUTOS = YES_AGGRESSIVE;
				GCC_WARN_UNUSED_FUNCTION = YES;
				GCC_WARN_UNUSED_VARIABLE = YES;
				IPHONEOS_DEPLOYMENT_TARGET = 17.4;
				LOCALIZATION_PREFERS_STRING_CATALOGS = YES;
				MTL_ENABLE_DEBUG_INFO = INCLUDE_SOURCE;
				MTL_FAST_MATH = YES;
				ONLY_ACTIVE_ARCH = YES;
				SDKROOT = iphoneos;
				SWIFT_ACTIVE_COMPILATION_CONDITIONS = "DEBUG $(inherited)";
				SWIFT_OPTIMIZATION_LEVEL = "-Onone";
			};
			name = Debug;
		};
		BEB12DAA2CF351DB00B0A7B9 /* Release */ = {
			isa = XCBuildConfiguration;
			buildSettings = {
				ALWAYS_SEARCH_USER_PATHS = NO;
				ASSETCATALOG_COMPILER_GENERATE_SWIFT_ASSET_SYMBOL_EXTENSIONS = YES;
				CLANG_ANALYZER_NONNULL = YES;
				CLANG_ANALYZER_NUMBER_OBJECT_CONVERSION = YES_AGGRESSIVE;
				CLANG_CXX_LANGUAGE_STANDARD = "gnu++20";
				CLANG_ENABLE_MODULES = YES;
				CLANG_ENABLE_OBJC_ARC = YES;
				CLANG_ENABLE_OBJC_WEAK = YES;
				CLANG_WARN_BLOCK_CAPTURE_AUTORELEASING = YES;
				CLANG_WARN_BOOL_CONVERSION = YES;
				CLANG_WARN_COMMA = YES;
				CLANG_WARN_CONSTANT_CONVERSION = YES;
				CLANG_WARN_DEPRECATED_OBJC_IMPLEMENTATIONS = YES;
				CLANG_WARN_DIRECT_OBJC_ISA_USAGE = YES_ERROR;
				CLANG_WARN_DOCUMENTATION_COMMENTS = YES;
				CLANG_WARN_EMPTY_BODY = YES;
				CLANG_WARN_ENUM_CONVERSION = YES;
				CLANG_WARN_INFINITE_RECURSION = YES;
				CLANG_WARN_INT_CONVERSION = YES;
				CLANG_WARN_NON_LITERAL_NULL_CONVERSION = YES;
				CLANG_WARN_OBJC_IMPLICIT_RETAIN_SELF = YES;
				CLANG_WARN_OBJC_LITERAL_CONVERSION = YES;
				CLANG_WARN_OBJC_ROOT_CLASS = YES_ERROR;
				CLANG_WARN_QUOTED_INCLUDE_IN_FRAMEWORK_HEADER = YES;
				CLANG_WARN_RANGE_LOOP_ANALYSIS = YES;
				CLANG_WARN_STRICT_PROTOTYPES = YES;
				CLANG_WARN_SUSPICIOUS_MOVE = YES;
				CLANG_WARN_UNGUARDED_AVAILABILITY = YES_AGGRESSIVE;
				CLANG_WARN_UNREACHABLE_CODE = YES;
				CLANG_WARN__DUPLICATE_METHOD_MATCH = YES;
				COPY_PHASE_STRIP = NO;
				DEBUG_INFORMATION_FORMAT = "dwarf-with-dsym";
				ENABLE_NS_ASSERTIONS = NO;
				ENABLE_STRICT_OBJC_MSGSEND = YES;
				ENABLE_USER_SCRIPT_SANDBOXING = YES;
				GCC_C_LANGUAGE_STANDARD = gnu17;
				GCC_NO_COMMON_BLOCKS = YES;
				GCC_WARN_64_TO_32_BIT_CONVERSION = YES;
				GCC_WARN_ABOUT_RETURN_TYPE = YES_ERROR;
				GCC_WARN_UNDECLARED_SELECTOR = YES;
				GCC_WARN_UNINITIALIZED_AUTOS = YES_AGGRESSIVE;
				GCC_WARN_UNUSED_FUNCTION = YES;
				GCC_WARN_UNUSED_VARIABLE = YES;
				IPHONEOS_DEPLOYMENT_TARGET = 17.4;
				LOCALIZATION_PREFERS_STRING_CATALOGS = YES;
				MTL_ENABLE_DEBUG_INFO = NO;
				MTL_FAST_MATH = YES;
				SDKROOT = iphoneos;
				SWIFT_COMPILATION_MODE = wholemodule;
				VALIDATE_PRODUCT = YES;
			};
			name = Release;
		};
		BEB12DAC2CF351DB00B0A7B9 /* Debug */ = {
			isa = XCBuildConfiguration;
			buildSettings = {
				ASSETCATALOG_COMPILER_APPICON_NAME = AppIcon;
				ASSETCATALOG_COMPILER_GLOBAL_ACCENT_COLOR_NAME = AccentColor;
				CODE_SIGN_STYLE = Automatic;
				CURRENT_PROJECT_VERSION = 1;
				DEVELOPMENT_TEAM = JT93QX6W97;
				GENERATE_INFOPLIST_FILE = YES;
				INFOPLIST_FILE = PressedAnimation/Info.plist;
				INFOPLIST_KEY_UIApplicationSupportsIndirectInputEvents = YES;
				INFOPLIST_KEY_UILaunchStoryboardName = LaunchScreen;
				INFOPLIST_KEY_UIMainStoryboardFile = Main;
				INFOPLIST_KEY_UISupportedInterfaceOrientations_iPad = "UIInterfaceOrientationPortrait UIInterfaceOrientationPortraitUpsideDown UIInterfaceOrientationLandscapeLeft UIInterfaceOrientationLandscapeRight";
				INFOPLIST_KEY_UISupportedInterfaceOrientations_iPhone = "UIInterfaceOrientationPortrait UIInterfaceOrientationLandscapeLeft UIInterfaceOrientationLandscapeRight";
				LD_RUNPATH_SEARCH_PATHS = (
					"$(inherited)",
					"@executable_path/Frameworks",
				);
				MARKETING_VERSION = 1.0;
				PRODUCT_BUNDLE_IDENTIFIER = com.PressedAnimation;
				PRODUCT_NAME = "$(TARGET_NAME)";
				SWIFT_EMIT_LOC_STRINGS = YES;
				SWIFT_VERSION = 5.0;
				TARGETED_DEVICE_FAMILY = "1,2";
			};
			name = Debug;
		};
		BEB12DAD2CF351DB00B0A7B9 /* Release */ = {
			isa = XCBuildConfiguration;
			buildSettings = {
				ASSETCATALOG_COMPILER_APPICON_NAME = AppIcon;
				ASSETCATALOG_COMPILER_GLOBAL_ACCENT_COLOR_NAME = AccentColor;
				CODE_SIGN_STYLE = Automatic;
				CURRENT_PROJECT_VERSION = 1;
				DEVELOPMENT_TEAM = JT93QX6W97;
				GENERATE_INFOPLIST_FILE = YES;
				INFOPLIST_FILE = PressedAnimation/Info.plist;
				INFOPLIST_KEY_UIApplicationSupportsIndirectInputEvents = YES;
				INFOPLIST_KEY_UILaunchStoryboardName = LaunchScreen;
				INFOPLIST_KEY_UIMainStoryboardFile = Main;
				INFOPLIST_KEY_UISupportedInterfaceOrientations_iPad = "UIInterfaceOrientationPortrait UIInterfaceOrientationPortraitUpsideDown UIInterfaceOrientationLandscapeLeft UIInterfaceOrientationLandscapeRight";
				INFOPLIST_KEY_UISupportedInterfaceOrientations_iPhone = "UIInterfaceOrientationPortrait UIInterfaceOrientationLandscapeLeft UIInterfaceOrientationLandscapeRight";
				LD_RUNPATH_SEARCH_PATHS = (
					"$(inherited)",
					"@executable_path/Frameworks",
				);
				MARKETING_VERSION = 1.0;
				PRODUCT_BUNDLE_IDENTIFIER = com.PressedAnimation;
				PRODUCT_NAME = "$(TARGET_NAME)";
				SWIFT_EMIT_LOC_STRINGS = YES;
				SWIFT_VERSION = 5.0;
				TARGETED_DEVICE_FAMILY = "1,2";
			};
			name = Release;
		};
		BEB12DAF2CF351DB00B0A7B9 /* Debug */ = {
			isa = XCBuildConfiguration;
			buildSettings = {
				ALWAYS_EMBED_SWIFT_STANDARD_LIBRARIES = YES;
				BUNDLE_LOADER = "$(TEST_HOST)";
				CODE_SIGN_STYLE = Automatic;
				CURRENT_PROJECT_VERSION = 1;
				DEVELOPMENT_TEAM = JT93QX6W97;
				GENERATE_INFOPLIST_FILE = YES;
				IPHONEOS_DEPLOYMENT_TARGET = 17.4;
				MARKETING_VERSION = 1.0;
				PRODUCT_BUNDLE_IDENTIFIER = com.PressedAnimationTests;
				PRODUCT_NAME = "$(TARGET_NAME)";
				SWIFT_EMIT_LOC_STRINGS = NO;
				SWIFT_VERSION = 5.0;
				TARGETED_DEVICE_FAMILY = "1,2";
				TEST_HOST = "$(BUILT_PRODUCTS_DIR)/PressedAnimation.app/$(BUNDLE_EXECUTABLE_FOLDER_PATH)/PressedAnimation";
			};
			name = Debug;
		};
		BEB12DB02CF351DB00B0A7B9 /* Release */ = {
			isa = XCBuildConfiguration;
			buildSettings = {
				ALWAYS_EMBED_SWIFT_STANDARD_LIBRARIES = YES;
				BUNDLE_LOADER = "$(TEST_HOST)";
				CODE_SIGN_STYLE = Automatic;
				CURRENT_PROJECT_VERSION = 1;
				DEVELOPMENT_TEAM = JT93QX6W97;
				GENERATE_INFOPLIST_FILE = YES;
				IPHONEOS_DEPLOYMENT_TARGET = 17.4;
				MARKETING_VERSION = 1.0;
				PRODUCT_BUNDLE_IDENTIFIER = com.PressedAnimationTests;
				PRODUCT_NAME = "$(TARGET_NAME)";
				SWIFT_EMIT_LOC_STRINGS = NO;
				SWIFT_VERSION = 5.0;
				TARGETED_DEVICE_FAMILY = "1,2";
				TEST_HOST = "$(BUILT_PRODUCTS_DIR)/PressedAnimation.app/$(BUNDLE_EXECUTABLE_FOLDER_PATH)/PressedAnimation";
			};
			name = Release;
		};
		BEB12DB22CF351DB00B0A7B9 /* Debug */ = {
			isa = XCBuildConfiguration;
			buildSettings = {
				ALWAYS_EMBED_SWIFT_STANDARD_LIBRARIES = YES;
				CODE_SIGN_STYLE = Automatic;
				CURRENT_PROJECT_VERSION = 1;
				DEVELOPMENT_TEAM = JT93QX6W97;
				GENERATE_INFOPLIST_FILE = YES;
				MARKETING_VERSION = 1.0;
				PRODUCT_BUNDLE_IDENTIFIER = com.PressedAnimationUITests;
				PRODUCT_NAME = "$(TARGET_NAME)";
				SWIFT_EMIT_LOC_STRINGS = NO;
				SWIFT_VERSION = 5.0;
				TARGETED_DEVICE_FAMILY = "1,2";
				TEST_TARGET_NAME = PressedAnimation;
			};
			name = Debug;
		};
		BEB12DB32CF351DB00B0A7B9 /* Release */ = {
			isa = XCBuildConfiguration;
			buildSettings = {
				ALWAYS_EMBED_SWIFT_STANDARD_LIBRARIES = YES;
				CODE_SIGN_STYLE = Automatic;
				CURRENT_PROJECT_VERSION = 1;
				DEVELOPMENT_TEAM = JT93QX6W97;
				GENERATE_INFOPLIST_FILE = YES;
				MARKETING_VERSION = 1.0;
				PRODUCT_BUNDLE_IDENTIFIER = com.PressedAnimationUITests;
				PRODUCT_NAME = "$(TARGET_NAME)";
				SWIFT_EMIT_LOC_STRINGS = NO;
				SWIFT_VERSION = 5.0;
				TARGETED_DEVICE_FAMILY = "1,2";
				TEST_TARGET_NAME = PressedAnimation;
			};
			name = Release;
		};
/* End XCBuildConfiguration section */

/* Begin XCConfigurationList section */
		BEB12D7C2CF351D900B0A7B9 /* Build configuration list for PBXProject "PressedAnimation" */ = {
			isa = XCConfigurationList;
			buildConfigurations = (
				BEB12DA92CF351DB00B0A7B9 /* Debug */,
				BEB12DAA2CF351DB00B0A7B9 /* Release */,
			);
			defaultConfigurationIsVisible = 0;
			defaultConfigurationName = Release;
		};
		BEB12DAB2CF351DB00B0A7B9 /* Build configuration list for PBXNativeTarget "PressedAnimation" */ = {
			isa = XCConfigurationList;
			buildConfigurations = (
				BEB12DAC2CF351DB00B0A7B9 /* Debug */,
				BEB12DAD2CF351DB00B0A7B9 /* Release */,
			);
			defaultConfigurationIsVisible = 0;
			defaultConfigurationName = Release;
		};
		BEB12DAE2CF351DB00B0A7B9 /* Build configuration list for PBXNativeTarget "PressedAnimationTests" */ = {
			isa = XCConfigurationList;
			buildConfigurations = (
				BEB12DAF2CF351DB00B0A7B9 /* Debug */,
				BEB12DB02CF351DB00B0A7B9 /* Release */,
			);
			defaultConfigurationIsVisible = 0;
			defaultConfigurationName = Release;
		};
		BEB12DB12CF351DB00B0A7B9 /* Build configuration list for PBXNativeTarget "PressedAnimationUITests" */ = {
			isa = XCConfigurationList;
			buildConfigurations = (
				BEB12DB22CF351DB00B0A7B9 /* Debug */,
				BEB12DB32CF351DB00B0A7B9 /* Release */,
			);
			defaultConfigurationIsVisible = 0;
			defaultConfigurationName = Release;
		};
/* End XCConfigurationList section */

/* Begin XCRemoteSwiftPackageReference section */
		BEB12DB42CF351F100B0A7B9 /* XCRemoteSwiftPackageReference "SnapKit" */ = {
			isa = XCRemoteSwiftPackageReference;
			repositoryURL = "https://github.com/SnapKit/SnapKit";
			requirement = {
				kind = upToNextMajorVersion;
				minimumVersion = 5.7.1;
			};
		};
		BEB12DB72CF3522500B0A7B9 /* XCRemoteSwiftPackageReference "RxSwift" */ = {
			isa = XCRemoteSwiftPackageReference;
			repositoryURL = "https://github.com/ReactiveX/RxSwift";
			requirement = {
				kind = upToNextMajorVersion;
				minimumVersion = 6.8.0;
			};
		};
/* End XCRemoteSwiftPackageReference section */

/* Begin XCSwiftPackageProductDependency section */
		BEB12DB52CF351F100B0A7B9 /* SnapKit */ = {
			isa = XCSwiftPackageProductDependency;
			package = BEB12DB42CF351F100B0A7B9 /* XCRemoteSwiftPackageReference "SnapKit" */;
			productName = SnapKit;
		};
		BEB12DB82CF3522500B0A7B9 /* RxCocoa */ = {
			isa = XCSwiftPackageProductDependency;
			package = BEB12DB72CF3522500B0A7B9 /* XCRemoteSwiftPackageReference "RxSwift" */;
			productName = RxCocoa;
		};
		BEB12DBA2CF3522500B0A7B9 /* RxRelay */ = {
			isa = XCSwiftPackageProductDependency;
			package = BEB12DB72CF3522500B0A7B9 /* XCRemoteSwiftPackageReference "RxSwift" */;
			productName = RxRelay;
		};
		BEB12DBC2CF3522500B0A7B9 /* RxSwift */ = {
			isa = XCSwiftPackageProductDependency;
			package = BEB12DB72CF3522500B0A7B9 /* XCRemoteSwiftPackageReference "RxSwift" */;
			productName = RxSwift;
		};
/* End XCSwiftPackageProductDependency section */
	};
	rootObject = BEB12D792CF351D900B0A7B9 /* Project object */;
}
